
Microsoft Visual Studio Solution File, Format Version 12.00
# Visual Studio 15
VisualStudioVersion = 15.0.28307.271
MinimumVisualStudioVersion = 10.0.40219.1
Project("{FAE04EC0-301F-11D3-BF4B-00C04F79EFBC}") = "GameEngine.Map", "GameEngine.Map\GameEngine.Map.csproj", "{8F634704-8C0D-4DC5-9D6B-A875259931B9}"
EndProject
Project("{FAE04EC0-301F-11D3-BF4B-00C04F79EFBC}") = "GameEngine.GameModel", "GameEngine.GameModel\GameEngine.GameModel.csproj", "{A7CD6D5D-25E4-44BD-B9DC-DB1D9CDB9888}"
EndProject
Project("{FAE04EC0-301F-11D3-BF4B-00C04F79EFBC}") = "GameEngine.Mod.Demo", "GameEngine.Mod.Demo\GameEngine.Mod.Demo.csproj", "{6F32D150-A04C-4873-8F94-E141967D6649}"
EndProject
Project("{FAE04EC0-301F-11D3-BF4B-00C04F79EFBC}") = "GameEngine.Lanuage", "GameEngine.Lanuage\GameEngine.Lanuage.csproj", "{DFC32996-87F7-4DA2-BE1D-D2C52F1CCB80}"
EndProject
Global
	GlobalSection(SolutionConfigurationPlatforms) = preSolution
		Debug|Any CPU = Debug|Any CPU
		Release|Any CPU = Release|Any CPU
	EndGlobalSection
	GlobalSection(ProjectConfigurationPlatforms) = postSolution
		{8F634704-8C0D-4DC5-9D6B-A875259931B9}.Debug|Any CPU.ActiveCfg = Debug|Any CPU
		{8F634704-8C0D-4DC5-9D6B-A875259931B9}.Debug|Any CPU.Build.0 = Debug|Any CPU
		{8F634704-8C0D-4DC5-9D6B-A875259931B9}.Release|Any CPU.ActiveCfg = Release|Any CPU
		{8F634704-8C0D-4DC5-9D6B-A875259931B9}.Release|Any CPU.Build.0 = Release|Any CPU
		{A7CD6D5D-25E4-44BD-B9DC-DB1D9CDB9888}.Debug|Any CPU.ActiveCfg = Debug|Any CPU
		{A7CD6D5D-25E4-44BD-B9DC-DB1D9CDB9888}.Debug|Any CPU.Build.0 = Debug|Any CPU
		{A7CD6D5D-25E4-44BD-B9DC-DB1D9CDB9888}.Release|Any CPU.ActiveCfg = Release|Any CPU
		{A7CD6D5D-25E4-44BD-B9DC-DB1D9CDB9888}.Release|Any CPU.Build.0 = Release|Any CPU
		{6F32D150-A04C-4873-8F94-E141967D6649}.Debug|Any CPU.ActiveCfg = Debug|Any CPU
		{6F32D150-A04C-4873-8F94-E141967D6649}.Debug|Any CPU.Build.0 = Debug|Any CPU
		{6F32D150-A04C-4873-8F94-E141967D6649}.Release|Any CPU.ActiveCfg = Release|Any CPU
		{6F32D150-A04C-4873-8F94-E141967D6649}.Release|Any CPU.Build.0 = Release|Any CPU
		{DFC32996-87F7-4DA2-BE1D-D2C52F1CCB80}.Debug|Any CPU.ActiveCfg = Debug|Any CPU
		{DFC32996-87F7-4DA2-BE1D-D2C52F1CCB80}.Debug|Any CPU.Build.0 = Debug|Any CPU
		{DFC32996-87F7-4DA2-BE1D-D2C52F1CCB80}.Release|Any CPU.ActiveCfg = Release|Any CPU
		{DFC32996-87F7-4DA2-BE1D-D2C52F1CCB80}.Release|Any CPU.Build.0 = Release|Any CPU
	EndGlobalSection
	GlobalSection(SolutionProperties) = preSolution
		HideSolutionNode = FALSE
	EndGlobalSection
	GlobalSection(ExtensibilityGlobals) = postSolution
		SolutionGuid = {637FE27E-2FBA-43AE-8610-032F43A0A456}
	EndGlobalSection
EndGlobal
